
Microsoft Visual Studio Solution File, Format Version 12.00
# Visual Studio Version 16
VisualStudioVersion = 16.0.29201.188
MinimumVisualStudioVersion = 16.0.29201.188
Project("{9A19103F-16F7-4668-BE54-9A1E7A4F7556}") = "Verify.Xamarin", "Verify.Xamarin\Verify.Xamarin.csproj", "{C35E31DE-40A9-45C0-817B-41BE5B7D076E}"
EndProject
Project("{9A19103F-16F7-4668-BE54-9A1E7A4F7556}") = "Tests", "Tests\Tests.csproj", "{76FE87D9-EF6B-4D31-99F2-7099C719AE99}"
EndProject
Project("{2150E333-8FDC-42A3-9474-1A3956D46DE8}") = "Solution Items", "Solution Items", "{9A6C4741-C83D-4E05-A62F-8049F65B9B6C}"
	ProjectSection(SolutionItems) = preProject
		.editorconfig = .editorconfig
		.gitattributes = .gitattributes
		..\.gitignore = ..\.gitignore
		appveyor.yml = appveyor.yml
		Directory.Build.props = Directory.Build.props
		mdsnippets.json = mdsnippets.json
		..\readme.source.md = ..\readme.source.md
	EndProjectSection
EndProject
Project("{FAE04EC0-301F-11D3-BF4B-00C04F79EFBC}") = "SampleXamarin", "SampleXamarin\SampleXamarin.csproj", "{1309BC63-13B6-456B-9E04-7309818CC60D}"
EndProject
Global
	GlobalSection(SolutionConfigurationPlatforms) = preSolution
		Debug|Any CPU = Debug|Any CPU
		Debug|ARM = Debug|ARM
		Debug|ARM64 = Debug|ARM64
		Debug|x64 = Debug|x64
		Debug|x86 = Debug|x86
		Release|Any CPU = Release|Any CPU
		Release|ARM = Release|ARM
		Release|ARM64 = Release|ARM64
		Release|x64 = Release|x64
		Release|x86 = Release|x86
	EndGlobalSection
	GlobalSection(ProjectConfigurationPlatforms) = postSolution
		{C35E31DE-40A9-45C0-817B-41BE5B7D076E}.Debug|Any CPU.ActiveCfg = Debug|Any CPU
		{C35E31DE-40A9-45C0-817B-41BE5B7D076E}.Debug|Any CPU.Build.0 = Debug|Any CPU
		{C35E31DE-40A9-45C0-817B-41BE5B7D076E}.Debug|ARM.ActiveCfg = Debug|Any CPU
		{C35E31DE-40A9-45C0-817B-41BE5B7D076E}.Debug|ARM.Build.0 = Debug|Any CPU
		{C35E31DE-40A9-45C0-817B-41BE5B7D076E}.Debug|ARM64.ActiveCfg = Debug|Any CPU
		{C35E31DE-40A9-45C0-817B-41BE5B7D076E}.Debug|ARM64.Build.0 = Debug|Any CPU
		{C35E31DE-40A9-45C0-817B-41BE5B7D076E}.Debug|x64.ActiveCfg = Debug|Any CPU
		{C35E31DE-40A9-45C0-817B-41BE5B7D076E}.Debug|x64.Build.0 = Debug|Any CPU
		{C35E31DE-40A9-45C0-817B-41BE5B7D076E}.Debug|x86.ActiveCfg = Debug|Any CPU
		{C35E31DE-40A9-45C0-817B-41BE5B7D076E}.Debug|x86.Build.0 = Debug|Any CPU
		{C35E31DE-40A9-45C0-817B-41BE5B7D076E}.Release|Any CPU.ActiveCfg = Release|Any CPU
		{C35E31DE-40A9-45C0-817B-41BE5B7D076E}.Release|Any CPU.Build.0 = Release|Any CPU
		{C35E31DE-40A9-45C0-817B-41BE5B7D076E}.Release|ARM.ActiveCfg = Release|Any CPU
		{C35E31DE-40A9-45C0-817B-41BE5B7D076E}.Release|ARM.Build.0 = Release|Any CPU
		{C35E31DE-40A9-45C0-817B-41BE5B7D076E}.Release|ARM64.ActiveCfg = Release|Any CPU
		{C35E31DE-40A9-45C0-817B-41BE5B7D076E}.Release|ARM64.Build.0 = Release|Any CPU
		{C35E31DE-40A9-45C0-817B-41BE5B7D076E}.Release|x64.ActiveCfg = Release|Any CPU
		{C35E31DE-40A9-45C0-817B-41BE5B7D076E}.Release|x64.Build.0 = Release|Any CPU
		{C35E31DE-40A9-45C0-817B-41BE5B7D076E}.Release|x86.ActiveCfg = Release|Any CPU
		{C35E31DE-40A9-45C0-817B-41BE5B7D076E}.Release|x86.Build.0 = Release|Any CPU
		{76FE87D9-EF6B-4D31-99F2-7099C719AE99}.Debug|Any CPU.ActiveCfg = Debug|Any CPU
		{76FE87D9-EF6B-4D31-99F2-7099C719AE99}.Debug|Any CPU.Build.0 = Debug|Any CPU
		{76FE87D9-EF6B-4D31-99F2-7099C719AE99}.Debug|ARM.ActiveCfg = Debug|Any CPU
		{76FE87D9-EF6B-4D31-99F2-7099C719AE99}.Debug|ARM.Build.0 = Debug|Any CPU
		{76FE87D9-EF6B-4D31-99F2-7099C719AE99}.Debug|ARM64.ActiveCfg = Debug|Any CPU
		{76FE87D9-EF6B-4D31-99F2-7099C719AE99}.Debug|ARM64.Build.0 = Debug|Any CPU
		{76FE87D9-EF6B-4D31-99F2-7099C719AE99}.Debug|x64.ActiveCfg = Debug|Any CPU
		{76FE87D9-EF6B-4D31-99F2-7099C719AE99}.Debug|x64.Build.0 = Debug|Any CPU
		{76FE87D9-EF6B-4D31-99F2-7099C719AE99}.Debug|x86.ActiveCfg = Debug|Any CPU
		{76FE87D9-EF6B-4D31-99F2-7099C719AE99}.Debug|x86.Build.0 = Debug|Any CPU
		{76FE87D9-EF6B-4D31-99F2-7099C719AE99}.Release|Any CPU.ActiveCfg = Release|Any CPU
		{76FE87D9-EF6B-4D31-99F2-7099C719AE99}.Release|ARM.ActiveCfg = Release|Any CPU
		{76FE87D9-EF6B-4D31-99F2-7099C719AE99}.Release|ARM.Build.0 = Release|Any CPU
		{76FE87D9-EF6B-4D31-99F2-7099C719AE99}.Release|ARM64.ActiveCfg = Release|Any CPU
		{76FE87D9-EF6B-4D31-99F2-7099C719AE99}.Release|ARM64.Build.0 = Release|Any CPU
		{76FE87D9-EF6B-4D31-99F2-7099C719AE99}.Release|x64.ActiveCfg = Release|Any CPU
		{76FE87D9-EF6B-4D31-99F2-7099C719AE99}.Release|x64.Build.0 = Release|Any CPU
		{76FE87D9-EF6B-4D31-99F2-7099C719AE99}.Release|x86.ActiveCfg = Release|Any CPU
		{76FE87D9-EF6B-4D31-99F2-7099C719AE99}.Release|x86.Build.0 = Release|Any CPU
		{1309BC63-13B6-456B-9E04-7309818CC60D}.Debug|Any CPU.ActiveCfg = Debug|Any CPU
		{1309BC63-13B6-456B-9E04-7309818CC60D}.Debug|Any CPU.Build.0 = Debug|Any CPU
		{1309BC63-13B6-456B-9E04-7309818CC60D}.Debug|Any CPU.Deploy.0 = Debug|Any CPU
		{1309BC63-13B6-456B-9E04-7309818CC60D}.Debug|ARM.ActiveCfg = Debug|Any CPU
		{1309BC63-13B6-456B-9E04-7309818CC60D}.Debug|ARM.Build.0 = Debug|Any CPU
		{1309BC63-13B6-456B-9E04-7309818CC60D}.Debug|ARM.Deploy.0 = Debug|Any CPU
		{1309BC63-13B6-456B-9E04-7309818CC60D}.Debug|ARM64.ActiveCfg = Debug|Any CPU
		{1309BC63-13B6-456B-9E04-7309818CC60D}.Debug|ARM64.Build.0 = Debug|Any CPU
		{1309BC63-13B6-456B-9E04-7309818CC60D}.Debug|ARM64.Deploy.0 = Debug|Any CPU
		{1309BC63-13B6-456B-9E04-7309818CC60D}.Debug|x64.ActiveCfg = Debug|Any CPU
		{1309BC63-13B6-456B-9E04-7309818CC60D}.Debug|x64.Build.0 = Debug|Any CPU
		{1309BC63-13B6-456B-9E04-7309818CC60D}.Debug|x64.Deploy.0 = Debug|Any CPU
		{1309BC63-13B6-456B-9E04-7309818CC60D}.Debug|x86.ActiveCfg = Debug|Any CPU
		{1309BC63-13B6-456B-9E04-7309818CC60D}.Debug|x86.Build.0 = Debug|Any CPU
		{1309BC63-13B6-456B-9E04-7309818CC60D}.Debug|x86.Deploy.0 = Debug|Any CPU
		{1309BC63-13B6-456B-9E04-7309818CC60D}.Release|Any CPU.ActiveCfg = Release|Any CPU
		{1309BC63-13B6-456B-9E04-7309818CC60D}.Release|Any CPU.Deploy.0 = Release|Any CPU
		{1309BC63-13B6-456B-9E04-7309818CC60D}.Release|ARM.ActiveCfg = Release|Any CPU
		{1309BC63-13B6-456B-9E04-7309818CC60D}.Release|ARM.Build.0 = Release|Any CPU
		{1309BC63-13B6-456B-9E04-7309818CC60D}.Release|ARM.Deploy.0 = Release|Any CPU
		{1309BC63-13B6-456B-9E04-7309818CC60D}.Release|ARM64.ActiveCfg = Release|Any CPU
		{1309BC63-13B6-456B-9E04-7309818CC60D}.Release|ARM64.Build.0 = Release|Any CPU
		{1309BC63-13B6-456B-9E04-7309818CC60D}.Release|ARM64.Deploy.0 = Release|Any CPU
		{1309BC63-13B6-456B-9E04-7309818CC60D}.Release|x64.ActiveCfg = Release|Any CPU
		{1309BC63-13B6-456B-9E04-7309818CC60D}.Release|x64.Build.0 = Release|Any CPU
		{1309BC63-13B6-456B-9E04-7309818CC60D}.Release|x64.Deploy.0 = Release|Any CPU
		{1309BC63-13B6-456B-9E04-7309818CC60D}.Release|x86.ActiveCfg = Release|Any CPU
		{1309BC63-13B6-456B-9E04-7309818CC60D}.Release|x86.Build.0 = Release|Any CPU
		{1309BC63-13B6-456B-9E04-7309818CC60D}.Release|x86.Deploy.0 = Release|Any CPU
	EndGlobalSection
	GlobalSection(SolutionProperties) = preSolution
		HideSolutionNode = FALSE
	EndGlobalSection
	GlobalSection(ExtensibilityGlobals) = postSolution
		SolutionGuid = {B0B94980-5385-4EC6-A0EE-C9A191DDFC05}
	EndGlobalSection
EndGlobal
